// !$*UTF8*$!
{
	archiveVersion = 1;
	classes = {
	};
	objectVersion = 50;
	objects = {

/* Begin PBXBuildFile section */
		438DB99C25B70C5C00A63D29 /* AppDelegate.swift in Sources */ = {isa = PBXBuildFile; fileRef = 438DB99B25B70C5C00A63D29 /* AppDelegate.swift */; };
		438DB99E25B70C5C00A63D29 /* SceneDelegate.swift in Sources */ = {isa = PBXBuildFile; fileRef = 438DB99D25B70C5C00A63D29 /* SceneDelegate.swift */; };
		438DB9A025B70C5C00A63D29 /* ContentView.swift in Sources */ = {isa = PBXBuildFile; fileRef = 438DB99F25B70C5C00A63D29 /* ContentView.swift */; };
		438DB9A225B70C5D00A63D29 /* Assets.xcassets in Resources */ = {isa = PBXBuildFile; fileRef = 438DB9A125B70C5D00A63D29 /* Assets.xcassets */; };
		438DB9A525B70C5D00A63D29 /* Preview Assets.xcassets in Resources */ = {isa = PBXBuildFile; fileRef = 438DB9A425B70C5D00A63D29 /* Preview Assets.xcassets */; };
		438DB9A825B70C5D00A63D29 /* LaunchScreen.storyboard in Resources */ = {isa = PBXBuildFile; fileRef = 438DB9A625B70C5D00A63D29 /* LaunchScreen.storyboard */; };
		438DB9B125B70CF300A63D29 /* CarAssets.xcassets in Resources */ = {isa = PBXBuildFile; fileRef = 438DB9B025B70CF300A63D29 /* CarAssets.xcassets */; };
		438DB9B425B70D1800A63D29 /* Car.swift in Sources */ = {isa = PBXBuildFile; fileRef = 438DB9B325B70D1800A63D29 /* Car.swift */; };
		438DB9B725B70D3E00A63D29 /* carData.json in Resources */ = {isa = PBXBuildFile; fileRef = 438DB9B625B70D3E00A63D29 /* carData.json */; };
		438DB9BB25B70D7A00A63D29 /* CarData.swift in Sources */ = {isa = PBXBuildFile; fileRef = 438DB9BA25B70D7A00A63D29 /* CarData.swift */; };
		438DB9BE25B70EF300A63D29 /* CarStore.swift in Sources */ = {isa = PBXBuildFile; fileRef = 438DB9BD25B70EF300A63D29 /* CarStore.swift */; };
		438DB9C325B7107A00A63D29 /* CarDetail.swift in Sources */ = {isa = PBXBuildFile; fileRef = 438DB9C225B7107A00A63D29 /* CarDetail.swift */; };
		438DB9C725B713FC00A63D29 /* AddNewCar.swift in Sources */ = {isa = PBXBuildFile; fileRef = 438DB9C625B713FC00A63D29 /* AddNewCar.swift */; };
/* End PBXBuildFile section */

/* Begin PBXFileReference section */
		438DB99825B70C5C00A63D29 /* ListNavDemo.app */ = {isa = PBXFileReference; explicitFileType = wrapper.application; includeInIndex = 0; path = ListNavDemo.app; sourceTree = BUILT_PRODUCTS_DIR; };
		438DB99B25B70C5C00A63D29 /* AppDelegate.swift */ = {isa = PBXFileReference; lastKnownFileType = sourcecode.swift; path = AppDelegate.swift; sourceTree = "<group>"; };
		438DB99D25B70C5C00A63D29 /* SceneDelegate.swift */ = {isa = PBXFileReference; lastKnownFileType = sourcecode.swift; path = SceneDelegate.swift; sourceTree = "<group>"; };
		438DB99F25B70C5C00A63D29 /* ContentView.swift */ = {isa = PBXFileReference; lastKnownFileType = sourcecode.swift; path = ContentView.swift; sourceTree = "<group>"; };
		438DB9A125B70C5D00A63D29 /* Assets.xcassets */ = {isa = PBXFileReference; lastKnownFileType = folder.assetcatalog; path = Assets.xcassets; sourceTree = "<group>"; };
		438DB9A425B70C5D00A63D29 /* Preview Assets.xcassets */ = {isa = PBXFileReference; lastKnownFileType = folder.assetcatalog; path = "Preview Assets.xcassets"; sourceTree = "<group>"; };
		438DB9A725B70C5D00A63D29 /* Base */ = {isa = PBXFileReference; lastKnownFileType = file.storyboard; name = Base; path = Base.lproj/LaunchScreen.storyboard; sourceTree = "<group>"; };
		438DB9A925B70C5D00A63D29 /* Info.plist */ = {isa = PBXFileReference; lastKnownFileType = text.plist.xml; path = Info.plist; sourceTree = "<group>"; };
		438DB9B025B70CF300A63D29 /* CarAssets.xcassets */ = {isa = PBXFileReference; lastKnownFileType = folder.assetcatalog; path = CarAssets.xcassets; sourceTree = "<group>"; };
		438DB9B325B70D1800A63D29 /* Car.swift */ = {isa = PBXFileReference; lastKnownFileType = sourcecode.swift; path = Car.swift; sourceTree = "<group>"; };
		438DB9B625B70D3E00A63D29 /* carData.json */ = {isa = PBXFileReference; fileEncoding = 4; lastKnownFileType = text.json; path = carData.json; sourceTree = "<group>"; };
		438DB9BA25B70D7A00A63D29 /* CarData.swift */ = {isa = PBXFileReference; lastKnownFileType = sourcecode.swift; path = CarData.swift; sourceTree = "<group>"; };
		438DB9BD25B70EF300A63D29 /* CarStore.swift */ = {isa = PBXFileReference; lastKnownFileType = sourcecode.swift; path = CarStore.swift; sourceTree = "<group>"; };
		438DB9C225B7107A00A63D29 /* CarDetail.swift */ = {isa = PBXFileReference; lastKnownFileType = sourcecode.swift; path = CarDetail.swift; sourceTree = "<group>"; };
		438DB9C625B713FC00A63D29 /* AddNewCar.swift */ = {isa = PBXFileReference; lastKnownFileType = sourcecode.swift; path = AddNewCar.swift; sourceTree = "<group>"; };
/* End PBXFileReference section */

/* Begin PBXFrameworksBuildPhase section */
		438DB99525B70C5C00A63D29 /* Frameworks */ = {
			isa = PBXFrameworksBuildPhase;
			buildActionMask = 2147483647;
			files = (
			);
			runOnlyForDeploymentPostprocessing = 0;
		};
/* End PBXFrameworksBuildPhase section */

/* Begin PBXGroup section */
		438DB98F25B70C5C00A63D29 = {
			isa = PBXGroup;
			children = (
				438DB99A25B70C5C00A63D29 /* ListNavDemo */,
				438DB99925B70C5C00A63D29 /* Products */,
			);
			sourceTree = "<group>";
		};
		438DB99925B70C5C00A63D29 /* Products */ = {
			isa = PBXGroup;
			children = (
				438DB99825B70C5C00A63D29 /* ListNavDemo.app */,
			);
			name = Products;
			sourceTree = "<group>";
		};
		438DB99A25B70C5C00A63D29 /* ListNavDemo */ = {
			isa = PBXGroup;
			children = (
				438DB99B25B70C5C00A63D29 /* AppDelegate.swift */,
				438DB99D25B70C5C00A63D29 /* SceneDelegate.swift */,
				438DB99F25B70C5C00A63D29 /* ContentView.swift */,
				438DB9B325B70D1800A63D29 /* Car.swift */,
				438DB9BA25B70D7A00A63D29 /* CarData.swift */,
				438DB9BD25B70EF300A63D29 /* CarStore.swift */,
				438DB9C225B7107A00A63D29 /* CarDetail.swift */,
				438DB9A125B70C5D00A63D29 /* Assets.xcassets */,
				438DB9A625B70C5D00A63D29 /* LaunchScreen.storyboard */,
				438DB9A925B70C5D00A63D29 /* Info.plist */,
				438DB9B025B70CF300A63D29 /* CarAssets.xcassets */,
				438DB9B625B70D3E00A63D29 /* carData.json */,
				438DB9A325B70C5D00A63D29 /* Preview Content */,
				438DB9C625B713FC00A63D29 /* AddNewCar.swift */,
			);
			path = ListNavDemo;
			sourceTree = "<group>";
		};
		438DB9A325B70C5D00A63D29 /* Preview Content */ = {
			isa = PBXGroup;
			children = (
				438DB9A425B70C5D00A63D29 /* Preview Assets.xcassets */,
			);
			path = "Preview Content";
			sourceTree = "<group>";
		};
/* End PBXGroup section */

/* Begin PBXNativeTarget section */
		438DB99725B70C5C00A63D29 /* ListNavDemo */ = {
			isa = PBXNativeTarget;
			buildConfigurationList = 438DB9AC25B70C5D00A63D29 /* Build configuration list for PBXNativeTarget "ListNavDemo" */;
			buildPhases = (
				438DB99425B70C5C00A63D29 /* Sources */,
				438DB99525B70C5C00A63D29 /* Frameworks */,
				438DB99625B70C5C00A63D29 /* Resources */,
			);
			buildRules = (
			);
			dependencies = (
			);
			name = ListNavDemo;
			productName = ListNavDemo;
			productReference = 438DB99825B70C5C00A63D29 /* ListNavDemo.app */;
			productType = "com.apple.product-type.application";
		};
/* End PBXNativeTarget section */

/* Begin PBXProject section */
		438DB99025B70C5C00A63D29 /* Project object */ = {
			isa = PBXProject;
			attributes = {
				LastSwiftUpdateCheck = 1230;
				LastUpgradeCheck = 1230;
				TargetAttributes = {
					438DB99725B70C5C00A63D29 = {
						CreatedOnToolsVersion = 12.3;
					};
				};
			};
			buildConfigurationList = 438DB99325B70C5C00A63D29 /* Build configuration list for PBXProject "ListNavDemo" */;
			compatibilityVersion = "Xcode 9.3";
			developmentRegion = en;
			hasScannedForEncodings = 0;
			knownRegions = (
				en,
				Base,
			);
			mainGroup = 438DB98F25B70C5C00A63D29;
			productRefGroup = 438DB99925B70C5C00A63D29 /* Products */;
			projectDirPath = "";
			projectRoot = "";
			targets = (
				438DB99725B70C5C00A63D29 /* ListNavDemo */,
			);
		};
/* End PBXProject section */

/* Begin PBXResourcesBuildPhase section */
		438DB99625B70C5C00A63D29 /* Resources */ = {
			isa = PBXResourcesBuildPhase;
			buildActionMask = 2147483647;
			files = (
				438DB9B725B70D3E00A63D29 /* carData.json in Resources */,
				438DB9A825B70C5D00A63D29 /* LaunchScreen.storyboard in Resources */,
				438DB9A525B70C5D00A63D29 /* Preview Assets.xcassets in Resources */,
				438DB9A225B70C5D00A63D29 /* Assets.xcassets in Resources */,
				438DB9B125B70CF300A63D29 /* CarAssets.xcassets in Resources */,
			);
			runOnlyForDeploymentPostprocessing = 0;
		};
/* End PBXResourcesBuildPhase section */

/* Begin PBXSourcesBuildPhase section */
		438DB99425B70C5C00A63D29 /* Sources */ = {
			isa = PBXSourcesBuildPhase;
			buildActionMask = 2147483647;
			files = (
				438DB99C25B70C5C00A63D29 /* AppDelegate.swift in Sources */,
				438DB99E25B70C5C00A63D29 /* SceneDelegate.swift in Sources */,
				438DB9BB25B70D7A00A63D29 /* CarData.swift in Sources */,
				438DB9C725B713FC00A63D29 /* AddNewCar.swift in Sources */,
				438DB9B425B70D1800A63D29 /* Car.swift in Sources */,
				438DB9BE25B70EF300A63D29 /* CarStore.swift in Sources */,
				438DB9A025B70C5C00A63D29 /* ContentView.swift in Sources */,
				438DB9C325B7107A00A63D29 /* CarDetail.swift in Sources */,
			);
			runOnlyForDeploymentPostprocessing = 0;
		};
/* End PBXSourcesBuildPhase section */

/* Begin PBXVariantGroup section */
		438DB9A625B70C5D00A63D29 /* LaunchScreen.storyboard */ = {
			isa = PBXVariantGroup;
			children = (
				438DB9A725B70C5D00A63D29 /* Base */,
			);
			name = LaunchScreen.storyboard;
			sourceTree = "<group>";
		};
/* End PBXVariantGroup section */

/* Begin XCBuildConfiguration section */
		438DB9AA25B70C5D00A63D29 /* Debug */ = {
			isa = XCBuildConfiguration;
			buildSettings = {
				ALWAYS_SEARCH_USER_PATHS = NO;
				CLANG_ANALYZER_NONNULL = YES;
				CLANG_ANALYZER_NUMBER_OBJECT_CONVERSION = YES_AGGRESSIVE;
				CLANG_CXX_LANGUAGE_STANDARD = "gnu++14";
				CLANG_CXX_LIBRARY = "libc++";
				CLANG_ENABLE_MODULES = YES;
				CLANG_ENABLE_OBJC_ARC = YES;
				CLANG_ENABLE_OBJC_WEAK = YES;
				CLANG_WARN_BLOCK_CAPTURE_AUTORELEASING = YES;
				CLANG_WARN_BOOL_CONVERSION = YES;
				CLANG_WARN_COMMA = YES;
				CLANG_WARN_CONSTANT_CONVERSION = YES;
				CLANG_WARN_DEPRECATED_OBJC_IMPLEMENTATIONS = YES;
				CLANG_WARN_DIRECT_OBJC_ISA_USAGE = YES_ERROR;
				CLANG_WARN_DOCUMENTATION_COMMENTS = YES;
				CLANG_WARN_EMPTY_BODY = YES;
				CLANG_WARN_ENUM_CONVERSION = YES;
				CLANG_WARN_INFINITE_RECURSION = YES;
				CLANG_WARN_INT_CONVERSION = YES;
				CLANG_WARN_NON_LITERAL_NULL_CONVERSION = YES;
				CLANG_WARN_OBJC_IMPLICIT_RETAIN_SELF = YES;
				CLANG_WARN_OBJC_LITERAL_CONVERSION = YES;
				CLANG_WARN_OBJC_ROOT_CLASS = YES_ERROR;
				CLANG_WARN_QUOTED_INCLUDE_IN_FRAMEWORK_HEADER = YES;
				CLANG_WARN_RANGE_LOOP_ANALYSIS = YES;
				CLANG_WARN_STRICT_PROTOTYPES = YES;
				CLANG_WARN_SUSPICIOUS_MOVE = YES;
				CLANG_WARN_UNGUARDED_AVAILABILITY = YES_AGGRESSIVE;
				CLANG_WARN_UNREACHABLE_CODE = YES;
				CLANG_WARN__DUPLICATE_METHOD_MATCH = YES;
				COPY_PHASE_STRIP = NO;
				DEBUG_INFORMATION_FORMAT = dwarf;
				ENABLE_STRICT_OBJC_MSGSEND = YES;
				ENABLE_TESTABILITY = YES;
				GCC_C_LANGUAGE_STANDARD = gnu11;
				GCC_DYNAMIC_NO_PIC = NO;
				GCC_NO_COMMON_BLOCKS = YES;
				GCC_OPTIMIZATION_LEVEL = 0;
				GCC_PREPROCESSOR_DEFINITIONS = (
					"DEBUG=1",
					"$(inherited)",
				);
				GCC_WARN_64_TO_32_BIT_CONVERSION = YES;
				GCC_WARN_ABOUT_RETURN_TYPE = YES_ERROR;
				GCC_WARN_UNDECLARED_SELECTOR = YES;
				GCC_WARN_UNINITIALIZED_AUTOS = YES_AGGRESSIVE;
				GCC_WARN_UNUSED_FUNCTION = YES;
				GCC_WARN_UNUSED_VARIABLE = YES;
				IPHONEOS_DEPLOYMENT_TARGET = 14.3;
				MTL_ENABLE_DEBUG_INFO = INCLUDE_SOURCE;
				MTL_FAST_MATH = YES;
				ONLY_ACTIVE_ARCH = YES;
				SDKROOT = iphoneos;
				SWIFT_ACTIVE_COMPILATION_CONDITIONS = DEBUG;
				SWIFT_OPTIMIZATION_LEVEL = "-Onone";
			};
			name = Debug;
		};
		438DB9AB25B70C5D00A63D29 /* Release */ = {
			isa = XCBuildConfiguration;
			buildSettings = {
				ALWAYS_SEARCH_USER_PATHS = NO;
				CLANG_ANALYZER_NONNULL = YES;
				CLANG_ANALYZER_NUMBER_OBJECT_CONVERSION = YES_AGGRESSIVE;
				CLANG_CXX_LANGUAGE_STANDARD = "gnu++14";
				CLANG_CXX_LIBRARY = "libc++";
				CLANG_ENABLE_MODULES = YES;
				CLANG_ENABLE_OBJC_ARC = YES;
				CLANG_ENABLE_OBJC_WEAK = YES;
				CLANG_WARN_BLOCK_CAPTURE_AUTORELEASING = YES;
				CLANG_WARN_BOOL_CONVERSION = YES;
				CLANG_WARN_COMMA = YES;
				CLANG_WARN_CONSTANT_CONVERSION = YES;
				CLANG_WARN_DEPRECATED_OBJC_IMPLEMENTATIONS = YES;
				CLANG_WARN_DIRECT_OBJC_ISA_USAGE = YES_ERROR;
				CLANG_WARN_DOCUMENTATION_COMMENTS = YES;
				CLANG_WARN_EMPTY_BODY = YES;
				CLANG_WARN_ENUM_CONVERSION = YES;
				CLANG_WARN_INFINITE_RECURSION = YES;
				CLANG_WARN_INT_CONVERSION = YES;
				CLANG_WARN_NON_LITERAL_NULL_CONVERSION = YES;
				CLANG_WARN_OBJC_IMPLICIT_RETAIN_SELF = YES;
				CLANG_WARN_OBJC_LITERAL_CONVERSION = YES;
				CLANG_WARN_OBJC_ROOT_CLASS = YES_ERROR;
				CLANG_WARN_QUOTED_INCLUDE_IN_FRAMEWORK_HEADER = YES;
				CLANG_WARN_RANGE_LOOP_ANALYSIS = YES;
				CLANG_WARN_STRICT_PROTOTYPES = YES;
				CLANG_WARN_SUSPICIOUS_MOVE = YES;
				CLANG_WARN_UNGUARDED_AVAILABILITY = YES_AGGRESSIVE;
				CLANG_WARN_UNREACHABLE_CODE = YES;
				CLANG_WARN__DUPLICATE_METHOD_MATCH = YES;
				COPY_PHASE_STRIP = NO;
				DEBUG_INFORMATION_FORMAT = "dwarf-with-dsym";
				ENABLE_NS_ASSERTIONS = NO;
				ENABLE_STRICT_OBJC_MSGSEND = YES;
				GCC_C_LANGUAGE_STANDARD = gnu11;
				GCC_NO_COMMON_BLOCKS = YES;
				GCC_WARN_64_TO_32_BIT_CONVERSION = YES;
				GCC_WARN_ABOUT_RETURN_TYPE = YES_ERROR;
				GCC_WARN_UNDECLARED_SELECTOR = YES;
				GCC_WARN_UNINITIALIZED_AUTOS = YES_AGGRESSIVE;
				GCC_WARN_UNUSED_FUNCTION = YES;
				GCC_WARN_UNUSED_VARIABLE = YES;
				IPHONEOS_DEPLOYMENT_TARGET = 14.3;
				MTL_ENABLE_DEBUG_INFO = NO;
				MTL_FAST_MATH = YES;
				SDKROOT = iphoneos;
				SWIFT_COMPILATION_MODE = wholemodule;
				SWIFT_OPTIMIZATION_LEVEL = "-O";
				VALIDATE_PRODUCT = YES;
			};
			name = Release;
		};
		438DB9AD25B70C5D00A63D29 /* Debug */ = {
			isa = XCBuildConfiguration;
			buildSettings = {
				ASSETCATALOG_COMPILER_APPICON_NAME = AppIcon;
				ASSETCATALOG_COMPILER_GLOBAL_ACCENT_COLOR_NAME = AccentColor;
				CODE_SIGN_STYLE = Automatic;
				DEVELOPMENT_ASSET_PATHS = "\"ListNavDemo/Preview Content\"";
				DEVELOPMENT_TEAM = 6M94RM5DH9;
				ENABLE_PREVIEWS = YES;
				INFOPLIST_FILE = ListNavDemo/Info.plist;
				LD_RUNPATH_SEARCH_PATHS = (
					"$(inherited)",
					"@executable_path/Frameworks",
				);
				PRODUCT_BUNDLE_IDENTIFIER = com.rubin.ListNavDemo;
				PRODUCT_NAME = "$(TARGET_NAME)";
				SWIFT_VERSION = 5.0;
				TARGETED_DEVICE_FAMILY = "1,2";
			};
			name = Debug;
		};
		438DB9AE25B70C5D00A63D29 /* Release */ = {
			isa = XCBuildConfiguration;
			buildSettings = {
				ASSETCATALOG_COMPILER_APPICON_NAME = AppIcon;
				ASSETCATALOG_COMPILER_GLOBAL_ACCENT_COLOR_NAME = AccentColor;
				CODE_SIGN_STYLE = Automatic;
				DEVELOPMENT_ASSET_PATHS = "\"ListNavDemo/Preview Content\"";
				DEVELOPMENT_TEAM = 6M94RM5DH9;
				ENABLE_PREVIEWS = YES;
				INFOPLIST_FILE = ListNavDemo/Info.plist;
				LD_RUNPATH_SEARCH_PATHS = (
					"$(inherited)",
					"@executable_path/Frameworks",
				);
				PRODUCT_BUNDLE_IDENTIFIER = com.rubin.ListNavDemo;
				PRODUCT_NAME = "$(TARGET_NAME)";
				SWIFT_VERSION = 5.0;
				TARGETED_DEVICE_FAMILY = "1,2";
			};
			name = Release;
		};
/* End XCBuildConfiguration section */

/* Begin XCConfigurationList section */
		438DB99325B70C5C00A63D29 /* Build configuration list for PBXProject "ListNavDemo" */ = {
			isa = XCConfigurationList;
			buildConfigurations = (
				438DB9AA25B70C5D00A63D29 /* Debug */,
				438DB9AB25B70C5D00A63D29 /* Release */,
			);
			defaultConfigurationIsVisible = 0;
			defaultConfigurationName = Release;
		};
		438DB9AC25B70C5D00A63D29 /* Build configuration list for PBXNativeTarget "ListNavDemo" */ = {
			isa = XCConfigurationList;
			buildConfigurations = (
				438DB9AD25B70C5D00A63D29 /* Debug */,
				438DB9AE25B70C5D00A63D29 /* Release */,
			);
			defaultConfigurationIsVisible = 0;
			defaultConfigurationName = Release;
		};
/* End XCConfigurationList section */
	};
	rootObject = 438DB99025B70C5C00A63D29 /* Project object */;
}
